
Microsoft Visual Studio Solution File, Format Version 12.00
# Visual Studio Version 16
VisualStudioVersion = 16.0.31112.23
MinimumVisualStudioVersion = 10.0.40219.1
Project("{FAE04EC0-301F-11D3-BF4B-00C04F79EFBC}") = "Homework Class04", "Homework Class04\Homework Class04.csproj", "{A67A0440-DFF5-4472-BCA0-E1751DAE79C6}"
EndProject
Global
	GlobalSection(SolutionConfigurationPlatforms) = preSolution
		Debug|Any CPU = Debug|Any CPU
		Release|Any CPU = Release|Any CPU
	EndGlobalSection
	GlobalSection(ProjectConfigurationPlatforms) = postSolution
		{A67A0440-DFF5-4472-BCA0-E1751DAE79C6}.Debug|Any CPU.ActiveCfg = Debug|Any CPU
		{A67A0440-DFF5-4472-BCA0-E1751DAE79C6}.Debug|Any CPU.Build.0 = Debug|Any CPU
		{A67A0440-DFF5-4472-BCA0-E1751DAE79C6}.Release|Any CPU.ActiveCfg = Release|Any CPU
		{A67A0440-DFF5-4472-BCA0-E1751DAE79C6}.Release|Any CPU.Build.0 = Release|Any CPU
	EndGlobalSection
	GlobalSection(SolutionProperties) = preSolution
		HideSolutionNode = FALSE
	EndGlobalSection
	GlobalSection(ExtensibilityGlobals) = postSolution
		SolutionGuid = {9FDE2CDC-829B-4A91-9914-E67D1AE15B03}
	EndGlobalSection
EndGlobal
